
Microsoft Visual Studio Solution File, Format Version 12.00
# Visual Studio Version 17
VisualStudioVersion = 17.1.32414.318
MinimumVisualStudioVersion = 10.0.40219.1
Project("{9A19103F-16F7-4668-BE54-9A1E7A4F7556}") = "Kata.App", "Kata.App\Kata.App.csproj", "{7E1233D3-83F1-4772-981F-97F03B293482}"
EndProject
Project("{FAE04EC0-301F-11D3-BF4B-00C04F79EFBC}") = "Kata.Model", "Kata.Model\Kata.Model.csproj", "{7838624C-9656-49D5-8C63-A4B521895B94}"
EndProject
Project("{FAE04EC0-301F-11D3-BF4B-00C04F79EFBC}") = "Kata.Services", "Kata.Services\Kata.Services.csproj", "{BB9A3AF8-1698-416E-8C05-3B2DA3475CF8}"
EndProject
Project("{FAE04EC0-301F-11D3-BF4B-00C04F79EFBC}") = "Kata.Domain", "Kata.Domain\Kata.Domain.csproj", "{65F59E72-457D-415F-A07E-B9652DF71E9D}"
EndProject
Project("{2150E333-8FDC-42A3-9474-1A3956D46DE8}") = "Testing", "Testing", "{A6DBD00B-F6F7-4A78-9725-FD888B7E607E}"
EndProject
Project("{FAE04EC0-301F-11D3-BF4B-00C04F79EFBC}") = "Kata.Testing.UnitTests", "Kata.Testing.UnitTests\Kata.Testing.UnitTests.csproj", "{88BC9353-73C4-4A4F-B7E3-AD79F2DB8106}"
EndProject
Global
	GlobalSection(SolutionConfigurationPlatforms) = preSolution
		Debug|Any CPU = Debug|Any CPU
		Release|Any CPU = Release|Any CPU
	EndGlobalSection
	GlobalSection(ProjectConfigurationPlatforms) = postSolution
		{7E1233D3-83F1-4772-981F-97F03B293482}.Debug|Any CPU.ActiveCfg = Debug|Any CPU
		{7E1233D3-83F1-4772-981F-97F03B293482}.Debug|Any CPU.Build.0 = Debug|Any CPU
		{7E1233D3-83F1-4772-981F-97F03B293482}.Release|Any CPU.ActiveCfg = Release|Any CPU
		{7E1233D3-83F1-4772-981F-97F03B293482}.Release|Any CPU.Build.0 = Release|Any CPU
		{7838624C-9656-49D5-8C63-A4B521895B94}.Debug|Any CPU.ActiveCfg = Debug|Any CPU
		{7838624C-9656-49D5-8C63-A4B521895B94}.Debug|Any CPU.Build.0 = Debug|Any CPU
		{7838624C-9656-49D5-8C63-A4B521895B94}.Release|Any CPU.ActiveCfg = Release|Any CPU
		{7838624C-9656-49D5-8C63-A4B521895B94}.Release|Any CPU.Build.0 = Release|Any CPU
		{BB9A3AF8-1698-416E-8C05-3B2DA3475CF8}.Debug|Any CPU.ActiveCfg = Debug|Any CPU
		{BB9A3AF8-1698-416E-8C05-3B2DA3475CF8}.Debug|Any CPU.Build.0 = Debug|Any CPU
		{BB9A3AF8-1698-416E-8C05-3B2DA3475CF8}.Release|Any CPU.ActiveCfg = Release|Any CPU
		{BB9A3AF8-1698-416E-8C05-3B2DA3475CF8}.Release|Any CPU.Build.0 = Release|Any CPU
		{65F59E72-457D-415F-A07E-B9652DF71E9D}.Debug|Any CPU.ActiveCfg = Debug|Any CPU
		{65F59E72-457D-415F-A07E-B9652DF71E9D}.Debug|Any CPU.Build.0 = Debug|Any CPU
		{65F59E72-457D-415F-A07E-B9652DF71E9D}.Release|Any CPU.ActiveCfg = Release|Any CPU
		{65F59E72-457D-415F-A07E-B9652DF71E9D}.Release|Any CPU.Build.0 = Release|Any CPU
		{88BC9353-73C4-4A4F-B7E3-AD79F2DB8106}.Debug|Any CPU.ActiveCfg = Debug|Any CPU
		{88BC9353-73C4-4A4F-B7E3-AD79F2DB8106}.Debug|Any CPU.Build.0 = Debug|Any CPU
		{88BC9353-73C4-4A4F-B7E3-AD79F2DB8106}.Release|Any CPU.ActiveCfg = Release|Any CPU
		{88BC9353-73C4-4A4F-B7E3-AD79F2DB8106}.Release|Any CPU.Build.0 = Release|Any CPU
	EndGlobalSection
	GlobalSection(SolutionProperties) = preSolution
		HideSolutionNode = FALSE
	EndGlobalSection
	GlobalSection(NestedProjects) = preSolution
		{88BC9353-73C4-4A4F-B7E3-AD79F2DB8106} = {A6DBD00B-F6F7-4A78-9725-FD888B7E607E}
	EndGlobalSection
	GlobalSection(ExtensibilityGlobals) = postSolution
		SolutionGuid = {D935399E-7CF9-407B-92B2-DE6C2E7ED503}
	EndGlobalSection
EndGlobal
